
Microsoft Visual Studio Solution File, Format Version 12.00
Project("{FAE04EC0-301F-11D3-BF4B-00C04F79EFBC}") = "Clueless", "Clueless\Clueless.csproj", "{115F7696-EF19-4C94-AE43-F3BA02C239A5}"
EndProject
Global
	GlobalSection(SolutionConfigurationPlatforms) = preSolution
		Debug|Any CPU = Debug|Any CPU
		Release|Any CPU = Release|Any CPU
	EndGlobalSection
	GlobalSection(ProjectConfigurationPlatforms) = postSolution
		{115F7696-EF19-4C94-AE43-F3BA02C239A5}.Debug|Any CPU.ActiveCfg = Debug|Any CPU
		{115F7696-EF19-4C94-AE43-F3BA02C239A5}.Debug|Any CPU.Build.0 = Debug|Any CPU
		{115F7696-EF19-4C94-AE43-F3BA02C239A5}.Release|Any CPU.ActiveCfg = Release|Any CPU
		{115F7696-EF19-4C94-AE43-F3BA02C239A5}.Release|Any CPU.Build.0 = Release|Any CPU
	EndGlobalSection
EndGlobal
